
Microsoft Visual Studio Solution File, Format Version 12.00
# Visual Studio Version 17
VisualStudioVersion = 17.5.002.0
MinimumVisualStudioVersion = 10.0.40219.1
Project("{9A19103F-16F7-4668-BE54-9A1E7A4F7556}") = "SemistructuralProject", "SemistructuralProject\SemistructuralProject.csproj", "{673D1CB1-22B0-40FC-AADC-C7294B304248}"
EndProject
Global
	GlobalSection(SolutionConfigurationPlatforms) = preSolution
		Debug|Any CPU = Debug|Any CPU
		Release|Any CPU = Release|Any CPU
	EndGlobalSection
	GlobalSection(ProjectConfigurationPlatforms) = postSolution
		{673D1CB1-22B0-40FC-AADC-C7294B304248}.Debug|Any CPU.ActiveCfg = Debug|Any CPU
		{673D1CB1-22B0-40FC-AADC-C7294B304248}.Debug|Any CPU.Build.0 = Debug|Any CPU
		{673D1CB1-22B0-40FC-AADC-C7294B304248}.Release|Any CPU.ActiveCfg = Release|Any CPU
		{673D1CB1-22B0-40FC-AADC-C7294B304248}.Release|Any CPU.Build.0 = Release|Any CPU
	EndGlobalSection
	GlobalSection(SolutionProperties) = preSolution
		HideSolutionNode = FALSE
	EndGlobalSection
	GlobalSection(ExtensibilityGlobals) = postSolution
		SolutionGuid = {119A8FC1-5DFE-45D2-86A8-124F29F1E67A}
	EndGlobalSection
EndGlobal
